
Microsoft Visual Studio Solution File, Format Version 12.00
Project("{FAE04EC0-301F-11D3-BF4B-00C04F79EFBC}") = "Api", "src\Api\Api.csproj", "{960D883C-F7EC-43E1-B707-8424D11A686D}"
EndProject
Project("{FAE04EC0-301F-11D3-BF4B-00C04F79EFBC}") = "Domain", "src\Domain\Domain.csproj", "{D850C6FB-A82C-4DCD-9195-891BDD8EA084}"
EndProject
Project("{FAE04EC0-301F-11D3-BF4B-00C04F79EFBC}") = "Infrastructure", "src\Infrastructure\Infrastructure.csproj", "{42E0139C-FA28-481B-A0AA-3D1799CF0007}"
EndProject
Project("{2150E333-8FDC-42A3-9474-1A3956D46DE8}") = "utils", "utils", "{ED60E18A-0043-4E03-9525-AECE2C9FF56D}"
EndProject
Project("{FAE04EC0-301F-11D3-BF4B-00C04F79EFBC}") = "LabelChecker", "src\LabelChecker\LabelChecker.csproj", "{BC1A0C82-3186-4B71-9379-1280EEEDCCE6}"
EndProject
Global
	GlobalSection(SolutionConfigurationPlatforms) = preSolution
		Debug|Any CPU = Debug|Any CPU
		Release|Any CPU = Release|Any CPU
	EndGlobalSection
	GlobalSection(ProjectConfigurationPlatforms) = postSolution
		{960D883C-F7EC-43E1-B707-8424D11A686D}.Debug|Any CPU.ActiveCfg = Debug|Any CPU
		{960D883C-F7EC-43E1-B707-8424D11A686D}.Debug|Any CPU.Build.0 = Debug|Any CPU
		{960D883C-F7EC-43E1-B707-8424D11A686D}.Release|Any CPU.ActiveCfg = Release|Any CPU
		{960D883C-F7EC-43E1-B707-8424D11A686D}.Release|Any CPU.Build.0 = Release|Any CPU
		{D850C6FB-A82C-4DCD-9195-891BDD8EA084}.Debug|Any CPU.ActiveCfg = Debug|Any CPU
		{D850C6FB-A82C-4DCD-9195-891BDD8EA084}.Debug|Any CPU.Build.0 = Debug|Any CPU
		{D850C6FB-A82C-4DCD-9195-891BDD8EA084}.Release|Any CPU.ActiveCfg = Release|Any CPU
		{D850C6FB-A82C-4DCD-9195-891BDD8EA084}.Release|Any CPU.Build.0 = Release|Any CPU
		{42E0139C-FA28-481B-A0AA-3D1799CF0007}.Debug|Any CPU.ActiveCfg = Debug|Any CPU
		{42E0139C-FA28-481B-A0AA-3D1799CF0007}.Debug|Any CPU.Build.0 = Debug|Any CPU
		{42E0139C-FA28-481B-A0AA-3D1799CF0007}.Release|Any CPU.ActiveCfg = Release|Any CPU
		{42E0139C-FA28-481B-A0AA-3D1799CF0007}.Release|Any CPU.Build.0 = Release|Any CPU
		{BC1A0C82-3186-4B71-9379-1280EEEDCCE6}.Debug|Any CPU.ActiveCfg = Debug|Any CPU
		{BC1A0C82-3186-4B71-9379-1280EEEDCCE6}.Debug|Any CPU.Build.0 = Debug|Any CPU
		{BC1A0C82-3186-4B71-9379-1280EEEDCCE6}.Release|Any CPU.ActiveCfg = Release|Any CPU
		{BC1A0C82-3186-4B71-9379-1280EEEDCCE6}.Release|Any CPU.Build.0 = Release|Any CPU
	EndGlobalSection
	GlobalSection(NestedProjects) = preSolution
		{BC1A0C82-3186-4B71-9379-1280EEEDCCE6} = {ED60E18A-0043-4E03-9525-AECE2C9FF56D}
	EndGlobalSection
EndGlobal
